
Microsoft Visual Studio Solution File, Format Version 12.00
# Visual Studio Version 16
VisualStudioVersion = 16.0.30011.22
MinimumVisualStudioVersion = 10.0.40219.1
Project("{9A19103F-16F7-4668-BE54-9A1E7A4F7556}") = "Sweets", "Sweets.csproj", "{BAACBBA7-AF22-46BE-BB04-23A53DBD14E3}"
EndProject
Global
	GlobalSection(SolutionConfigurationPlatforms) = preSolution
		Debug|Any CPU = Debug|Any CPU
		Release|Any CPU = Release|Any CPU
	EndGlobalSection
	GlobalSection(ProjectConfigurationPlatforms) = postSolution
		{BAACBBA7-AF22-46BE-BB04-23A53DBD14E3}.Debug|Any CPU.ActiveCfg = Debug|Any CPU
		{BAACBBA7-AF22-46BE-BB04-23A53DBD14E3}.Debug|Any CPU.Build.0 = Debug|Any CPU
		{BAACBBA7-AF22-46BE-BB04-23A53DBD14E3}.Release|Any CPU.ActiveCfg = Release|Any CPU
		{BAACBBA7-AF22-46BE-BB04-23A53DBD14E3}.Release|Any CPU.Build.0 = Release|Any CPU
	EndGlobalSection
	GlobalSection(SolutionProperties) = preSolution
		HideSolutionNode = FALSE
	EndGlobalSection
	GlobalSection(ExtensibilityGlobals) = postSolution
		SolutionGuid = {F842224A-E01C-4172-9400-22D9836B56A0}
	EndGlobalSection
EndGlobal
